
Microsoft Visual Studio Solution File, Format Version 12.00
# Visual Studio 15
VisualStudioVersion = 15.0.28307.168
MinimumVisualStudioVersion = 10.0.40219.1
Project("{9A19103F-16F7-4668-BE54-9A1E7A4F7556}") = "NoctVogel", "NoctVogel.csproj", "{804DFAC5-9D54-4914-AC1C-654013B10E12}"
EndProject
Global
	GlobalSection(SolutionConfigurationPlatforms) = preSolution
		Debug|Any CPU = Debug|Any CPU
		Release|Any CPU = Release|Any CPU
	EndGlobalSection
	GlobalSection(ProjectConfigurationPlatforms) = postSolution
		{804DFAC5-9D54-4914-AC1C-654013B10E12}.Debug|Any CPU.ActiveCfg = Debug|Any CPU
		{804DFAC5-9D54-4914-AC1C-654013B10E12}.Debug|Any CPU.Build.0 = Debug|Any CPU
		{804DFAC5-9D54-4914-AC1C-654013B10E12}.Release|Any CPU.ActiveCfg = Release|Any CPU
		{804DFAC5-9D54-4914-AC1C-654013B10E12}.Release|Any CPU.Build.0 = Release|Any CPU
	EndGlobalSection
	GlobalSection(SolutionProperties) = preSolution
		HideSolutionNode = FALSE
	EndGlobalSection
	GlobalSection(ExtensibilityGlobals) = postSolution
		SolutionGuid = {52C08B87-E7C7-46C6-B43C-C2648C6F0A44}
	EndGlobalSection
EndGlobal
